
Microsoft Visual Studio Solution File, Format Version 12.00
# Visual Studio Version 17
VisualStudioVersion = 17.3.32929.385
MinimumVisualStudioVersion = 10.0.40219.1
Project("{FAE04EC0-301F-11D3-BF4B-00C04F79EFBC}") = "APIEvent", "APIEvent\APIEvent.csproj", "{DBA7E5E1-3443-42C9-A1FC-C0EB9855854E}"
EndProject
Global
	GlobalSection(SolutionConfigurationPlatforms) = preSolution
		Debug|Any CPU = Debug|Any CPU
		Release|Any CPU = Release|Any CPU
	EndGlobalSection
	GlobalSection(ProjectConfigurationPlatforms) = postSolution
		{DBA7E5E1-3443-42C9-A1FC-C0EB9855854E}.Debug|Any CPU.ActiveCfg = Debug|Any CPU
		{DBA7E5E1-3443-42C9-A1FC-C0EB9855854E}.Debug|Any CPU.Build.0 = Debug|Any CPU
		{DBA7E5E1-3443-42C9-A1FC-C0EB9855854E}.Release|Any CPU.ActiveCfg = Release|Any CPU
		{DBA7E5E1-3443-42C9-A1FC-C0EB9855854E}.Release|Any CPU.Build.0 = Release|Any CPU
	EndGlobalSection
	GlobalSection(SolutionProperties) = preSolution
		HideSolutionNode = FALSE
	EndGlobalSection
	GlobalSection(ExtensibilityGlobals) = postSolution
		SolutionGuid = {DF0CBE85-2099-4FBF-B3BA-78CF95296799}
	EndGlobalSection
EndGlobal
